
Microsoft Visual Studio Solution File, Format Version 12.00
# Visual Studio Version 17
VisualStudioVersion = 17.4.33205.214
MinimumVisualStudioVersion = 10.0.40219.1
Project("{FAE04EC0-301F-11D3-BF4B-00C04F79EFBC}") = "MonPremierProgramme", "MonPremierProgramme.csproj", "{F6724453-3846-44A3-AEF3-9D7F05632EBB}"
EndProject
Global
	GlobalSection(SolutionConfigurationPlatforms) = preSolution
		Debug|Any CPU = Debug|Any CPU
		Release|Any CPU = Release|Any CPU
	EndGlobalSection
	GlobalSection(ProjectConfigurationPlatforms) = postSolution
		{F6724453-3846-44A3-AEF3-9D7F05632EBB}.Debug|Any CPU.ActiveCfg = Debug|Any CPU
		{F6724453-3846-44A3-AEF3-9D7F05632EBB}.Debug|Any CPU.Build.0 = Debug|Any CPU
		{F6724453-3846-44A3-AEF3-9D7F05632EBB}.Release|Any CPU.ActiveCfg = Release|Any CPU
		{F6724453-3846-44A3-AEF3-9D7F05632EBB}.Release|Any CPU.Build.0 = Release|Any CPU
	EndGlobalSection
	GlobalSection(SolutionProperties) = preSolution
		HideSolutionNode = FALSE
	EndGlobalSection
	GlobalSection(ExtensibilityGlobals) = postSolution
		SolutionGuid = {858629E5-6AF9-46D9-A37D-26E56E0174AA}
	EndGlobalSection
EndGlobal
